
Microsoft Visual Studio Solution File, Format Version 12.00
# Visual Studio 15
VisualStudioVersion = 15.0.28307.852
MinimumVisualStudioVersion = 10.0.40219.1
Project("{FAE04EC0-301F-11D3-BF4B-00C04F79EFBC}") = "TB_Stock_Api", "TB_Stock_Api\TB_Stock_Api.csproj", "{2EB76798-915A-497F-8B14-7732BD16FE80}"
EndProject
Project("{FAE04EC0-301F-11D3-BF4B-00C04F79EFBC}") = "TBStock.DAL", "Repositories\TBStock.DAL.csproj", "{AFE878CD-2DC5-48F5-93CF-1DB66E5513C5}"
EndProject
Global
	GlobalSection(SolutionConfigurationPlatforms) = preSolution
		Debug|Any CPU = Debug|Any CPU
		Release|Any CPU = Release|Any CPU
	EndGlobalSection
	GlobalSection(ProjectConfigurationPlatforms) = postSolution
		{2EB76798-915A-497F-8B14-7732BD16FE80}.Debug|Any CPU.ActiveCfg = Debug|Any CPU
		{2EB76798-915A-497F-8B14-7732BD16FE80}.Debug|Any CPU.Build.0 = Debug|Any CPU
		{2EB76798-915A-497F-8B14-7732BD16FE80}.Release|Any CPU.ActiveCfg = Release|Any CPU
		{2EB76798-915A-497F-8B14-7732BD16FE80}.Release|Any CPU.Build.0 = Release|Any CPU
		{AFE878CD-2DC5-48F5-93CF-1DB66E5513C5}.Debug|Any CPU.ActiveCfg = Debug|Any CPU
		{AFE878CD-2DC5-48F5-93CF-1DB66E5513C5}.Debug|Any CPU.Build.0 = Debug|Any CPU
		{AFE878CD-2DC5-48F5-93CF-1DB66E5513C5}.Release|Any CPU.ActiveCfg = Release|Any CPU
		{AFE878CD-2DC5-48F5-93CF-1DB66E5513C5}.Release|Any CPU.Build.0 = Release|Any CPU
	EndGlobalSection
	GlobalSection(SolutionProperties) = preSolution
		HideSolutionNode = FALSE
	EndGlobalSection
	GlobalSection(ExtensibilityGlobals) = postSolution
		SolutionGuid = {4AC814F6-DD8F-4DAB-90FD-83BE976B6584}
	EndGlobalSection
EndGlobal
